// !$*UTF8*$!
{
	archiveVersion = 1;
	classes = {
	};
	objectVersion = 46;
	objects = {

/* Begin PBXBuildFile section */
		1812FC02196CFA1B0040D91C /* main.cpp in Sources */ = {isa = PBXBuildFile; fileRef = 1812FC01196CFA1B0040D91C /* main.cpp */; };
		1812FC04196CFA1B0040D91C /* speechProcess.1 in CopyFiles */ = {isa = PBXBuildFile; fileRef = 1812FC03196CFA1B0040D91C /* speechProcess.1 */; };
		1812FC8C196CFC6D0040D91C /* libopencv_videostab.2.4.9.dylib in Frameworks */ = {isa = PBXBuildFile; fileRef = 1812FC7A196CFC6D0040D91C /* libopencv_videostab.2.4.9.dylib */; };
		1812FC8D196CFC6D0040D91C /* libopencv_calib3d.2.4.9.dylib in Frameworks */ = {isa = PBXBuildFile; fileRef = 1812FC7B196CFC6D0040D91C /* libopencv_calib3d.2.4.9.dylib */; };
		1812FC8E196CFC6D0040D91C /* libopencv_contrib.2.4.9.dylib in Frameworks */ = {isa = PBXBuildFile; fileRef = 1812FC7C196CFC6D0040D91C /* libopencv_contrib.2.4.9.dylib */; };
		1812FC8F196CFC6D0040D91C /* libopencv_core.2.4.9.dylib in Frameworks */ = {isa = PBXBuildFile; fileRef = 1812FC7D196CFC6D0040D91C /* libopencv_core.2.4.9.dylib */; };
		1812FC90196CFC6D0040D91C /* libopencv_features2d.2.4.9.dylib in Frameworks */ = {isa = PBXBuildFile; fileRef = 1812FC7E196CFC6D0040D91C /* libopencv_features2d.2.4.9.dylib */; };
		1812FC91196CFC6D0040D91C /* libopencv_flann.2.4.9.dylib in Frameworks */ = {isa = PBXBuildFile; fileRef = 1812FC7F196CFC6D0040D91C /* libopencv_flann.2.4.9.dylib */; };
		1812FC92196CFC6D0040D91C /* libopencv_gpu.2.4.9.dylib in Frameworks */ = {isa = PBXBuildFile; fileRef = 1812FC80196CFC6D0040D91C /* libopencv_gpu.2.4.9.dylib */; };
		1812FC93196CFC6D0040D91C /* libopencv_highgui.2.4.9.dylib in Frameworks */ = {isa = PBXBuildFile; fileRef = 1812FC81196CFC6D0040D91C /* libopencv_highgui.2.4.9.dylib */; };
		1812FC94196CFC6D0040D91C /* libopencv_imgproc.2.4.9.dylib in Frameworks */ = {isa = PBXBuildFile; fileRef = 1812FC82196CFC6D0040D91C /* libopencv_imgproc.2.4.9.dylib */; };
		1812FC95196CFC6D0040D91C /* libopencv_legacy.2.4.9.dylib in Frameworks */ = {isa = PBXBuildFile; fileRef = 1812FC83196CFC6D0040D91C /* libopencv_legacy.2.4.9.dylib */; };
		1812FC96196CFC6D0040D91C /* libopencv_ml.2.4.9.dylib in Frameworks */ = {isa = PBXBuildFile; fileRef = 1812FC84196CFC6D0040D91C /* libopencv_ml.2.4.9.dylib */; };
		1812FC97196CFC6D0040D91C /* libopencv_nonfree.2.4.9.dylib in Frameworks */ = {isa = PBXBuildFile; fileRef = 1812FC85196CFC6D0040D91C /* libopencv_nonfree.2.4.9.dylib */; };
		1812FC98196CFC6D0040D91C /* libopencv_objdetect.2.4.9.dylib in Frameworks */ = {isa = PBXBuildFile; fileRef = 1812FC86196CFC6D0040D91C /* libopencv_objdetect.2.4.9.dylib */; };
		1812FC99196CFC6D0040D91C /* libopencv_ocl.2.4.9.dylib in Frameworks */ = {isa = PBXBuildFile; fileRef = 1812FC87196CFC6D0040D91C /* libopencv_ocl.2.4.9.dylib */; };
		1812FC9A196CFC6D0040D91C /* libopencv_photo.2.4.9.dylib in Frameworks */ = {isa = PBXBuildFile; fileRef = 1812FC88196CFC6D0040D91C /* libopencv_photo.2.4.9.dylib */; };
		1812FC9B196CFC6D0040D91C /* libopencv_stitching.2.4.9.dylib in Frameworks */ = {isa = PBXBuildFile; fileRef = 1812FC89196CFC6D0040D91C /* libopencv_stitching.2.4.9.dylib */; };
		1812FC9C196CFC6D0040D91C /* libopencv_superres.2.4.9.dylib in Frameworks */ = {isa = PBXBuildFile; fileRef = 1812FC8A196CFC6D0040D91C /* libopencv_superres.2.4.9.dylib */; };
		1812FC9D196CFC6D0040D91C /* libopencv_video.2.4.9.dylib in Frameworks */ = {isa = PBXBuildFile; fileRef = 1812FC8B196CFC6D0040D91C /* libopencv_video.2.4.9.dylib */; };
		1812FCA8196D14C60040D91C /* libsndfile.1.dylib in Frameworks */ = {isa = PBXBuildFile; fileRef = 1812FCA7196D14C60040D91C /* libsndfile.1.dylib */; };
/* End PBXBuildFile section */

/* Begin PBXCopyFilesBuildPhase section */
		1812FBFC196CFA1B0040D91C /* CopyFiles */ = {
			isa = PBXCopyFilesBuildPhase;
			buildActionMask = 12;
			dstPath = "";
			dstSubfolderSpec = 16;
			files = (
				1812FC04196CFA1B0040D91C /* speechProcess.1 in CopyFiles */,
			);
			runOnlyForDeploymentPostprocessing = 0;
		};
/* End PBXCopyFilesBuildPhase section */

/* Begin PBXFileReference section */
		1812FBFE196CFA1B0040D91C /* speechProcess */ = {isa = PBXFileReference; explicitFileType = "compiled.mach-o.executable"; includeInIndex = 0; path = speechProcess; sourceTree = BUILT_PRODUCTS_DIR; };
		1812FC01196CFA1B0040D91C /* main.cpp */ = {isa = PBXFileReference; lastKnownFileType = sourcecode.cpp.cpp; path = main.cpp; sourceTree = "<group>"; };
		1812FC03196CFA1B0040D91C /* speechProcess.1 */ = {isa = PBXFileReference; lastKnownFileType = text.man; path = speechProcess.1; sourceTree = "<group>"; };
		1812FC0A196CFA270040D91C /* main.h */ = {isa = PBXFileReference; lastKnownFileType = sourcecode.c.h; path = main.h; sourceTree = "<group>"; };
		1812FC7A196CFC6D0040D91C /* libopencv_videostab.2.4.9.dylib */ = {isa = PBXFileReference; lastKnownFileType = "compiled.mach-o.dylib"; name = libopencv_videostab.2.4.9.dylib; path = ../../../../../usr/local/lib/libopencv_videostab.2.4.9.dylib; sourceTree = "<group>"; };
		1812FC7B196CFC6D0040D91C /* libopencv_calib3d.2.4.9.dylib */ = {isa = PBXFileReference; lastKnownFileType = "compiled.mach-o.dylib"; name = libopencv_calib3d.2.4.9.dylib; path = ../../../../../usr/local/lib/libopencv_calib3d.2.4.9.dylib; sourceTree = "<group>"; };
		1812FC7C196CFC6D0040D91C /* libopencv_contrib.2.4.9.dylib */ = {isa = PBXFileReference; lastKnownFileType = "compiled.mach-o.dylib"; name = libopencv_contrib.2.4.9.dylib; path = ../../../../../usr/local/lib/libopencv_contrib.2.4.9.dylib; sourceTree = "<group>"; };
		1812FC7D196CFC6D0040D91C /* libopencv_core.2.4.9.dylib */ = {isa = PBXFileReference; lastKnownFileType = "compiled.mach-o.dylib"; name = libopencv_core.2.4.9.dylib; path = ../../../../../usr/local/lib/libopencv_core.2.4.9.dylib; sourceTree = "<group>"; };
		1812FC7E196CFC6D0040D91C /* libopencv_features2d.2.4.9.dylib */ = {isa = PBXFileReference; lastKnownFileType = "compiled.mach-o.dylib"; name = libopencv_features2d.2.4.9.dylib; path = ../../../../../usr/local/lib/libopencv_features2d.2.4.9.dylib; sourceTree = "<group>"; };
		1812FC7F196CFC6D0040D91C /* libopencv_flann.2.4.9.dylib */ = {isa = PBXFileReference; lastKnownFileType = "compiled.mach-o.dylib"; name = libopencv_flann.2.4.9.dylib; path = ../../../../../usr/local/lib/libopencv_flann.2.4.9.dylib; sourceTree = "<group>"; };
		1812FC80196CFC6D0040D91C /* libopencv_gpu.2.4.9.dylib */ = {isa = PBXFileReference; lastKnownFileType = "compiled.mach-o.dylib"; name = libopencv_gpu.2.4.9.dylib; path = ../../../../../usr/local/lib/libopencv_gpu.2.4.9.dylib; sourceTree = "<group>"; };
		1812FC81196CFC6D0040D91C /* libopencv_highgui.2.4.9.dylib */ = {isa = PBXFileReference; lastKnownFileType = "compiled.mach-o.dylib"; name = libopencv_highgui.2.4.9.dylib; path = ../../../../../usr/local/lib/libopencv_highgui.2.4.9.dylib; sourceTree = "<group>"; };
		1812FC82196CFC6D0040D91C /* libopencv_imgproc.2.4.9.dylib */ = {isa = PBXFileReference; lastKnownFileType = "compiled.mach-o.dylib"; name = libopencv_imgproc.2.4.9.dylib; path = ../../../../../usr/local/lib/libopencv_imgproc.2.4.9.dylib; sourceTree = "<group>"; };
		1812FC83196CFC6D0040D91C /* libopencv_legacy.2.4.9.dylib */ = {isa = PBXFileReference; lastKnownFileType = "compiled.mach-o.dylib"; name = libopencv_legacy.2.4.9.dylib; path = ../../../../../usr/local/lib/libopencv_legacy.2.4.9.dylib; sourceTree = "<group>"; };
		1812FC84196CFC6D0040D91C /* libopencv_ml.2.4.9.dylib */ = {isa = PBXFileReference; lastKnownFileType = "compiled.mach-o.dylib"; name = libopencv_ml.2.4.9.dylib; path = ../../../../../usr/local/lib/libopencv_ml.2.4.9.dylib; sourceTree = "<group>"; };
		1812FC85196CFC6D0040D91C /* libopencv_nonfree.2.4.9.dylib */ = {isa = PBXFileReference; lastKnownFileType = "compiled.mach-o.dylib"; name = libopencv_nonfree.2.4.9.dylib; path = ../../../../../usr/local/lib/libopencv_nonfree.2.4.9.dylib; sourceTree = "<group>"; };
		1812FC86196CFC6D0040D91C /* libopencv_objdetect.2.4.9.dylib */ = {isa = PBXFileReference; lastKnownFileType = "compiled.mach-o.dylib"; name = libopencv_objdetect.2.4.9.dylib; path = ../../../../../usr/local/lib/libopencv_objdetect.2.4.9.dylib; sourceTree = "<group>"; };
		1812FC87196CFC6D0040D91C /* libopencv_ocl.2.4.9.dylib */ = {isa = PBXFileReference; lastKnownFileType = "compiled.mach-o.dylib"; name = libopencv_ocl.2.4.9.dylib; path = ../../../../../usr/local/lib/libopencv_ocl.2.4.9.dylib; sourceTree = "<group>"; };
		1812FC88196CFC6D0040D91C /* libopencv_photo.2.4.9.dylib */ = {isa = PBXFileReference; lastKnownFileType = "compiled.mach-o.dylib"; name = libopencv_photo.2.4.9.dylib; path = ../../../../../usr/local/lib/libopencv_photo.2.4.9.dylib; sourceTree = "<group>"; };
		1812FC89196CFC6D0040D91C /* libopencv_stitching.2.4.9.dylib */ = {isa = PBXFileReference; lastKnownFileType = "compiled.mach-o.dylib"; name = libopencv_stitching.2.4.9.dylib; path = ../../../../../usr/local/lib/libopencv_stitching.2.4.9.dylib; sourceTree = "<group>"; };
		1812FC8A196CFC6D0040D91C /* libopencv_superres.2.4.9.dylib */ = {isa = PBXFileReference; lastKnownFileType = "compiled.mach-o.dylib"; name = libopencv_superres.2.4.9.dylib; path = ../../../../../usr/local/lib/libopencv_superres.2.4.9.dylib; sourceTree = "<group>"; };
		1812FC8B196CFC6D0040D91C /* libopencv_video.2.4.9.dylib */ = {isa = PBXFileReference; lastKnownFileType = "compiled.mach-o.dylib"; name = libopencv_video.2.4.9.dylib; path = ../../../../../usr/local/lib/libopencv_video.2.4.9.dylib; sourceTree = "<group>"; };
		1812FCA7196D14C60040D91C /* libsndfile.1.dylib */ = {isa = PBXFileReference; lastKnownFileType = "compiled.mach-o.dylib"; name = libsndfile.1.dylib; path = ../../../../../usr/local/Cellar/libsndfile/1.0.25/lib/libsndfile.1.dylib; sourceTree = "<group>"; };
/* End PBXFileReference section */

/* Begin PBXFrameworksBuildPhase section */
		1812FBFB196CFA1B0040D91C /* Frameworks */ = {
			isa = PBXFrameworksBuildPhase;
			buildActionMask = 2147483647;
			files = (
				1812FCA8196D14C60040D91C /* libsndfile.1.dylib in Frameworks */,
				1812FC90196CFC6D0040D91C /* libopencv_features2d.2.4.9.dylib in Frameworks */,
				1812FC9A196CFC6D0040D91C /* libopencv_photo.2.4.9.dylib in Frameworks */,
				1812FC99196CFC6D0040D91C /* libopencv_ocl.2.4.9.dylib in Frameworks */,
				1812FC8C196CFC6D0040D91C /* libopencv_videostab.2.4.9.dylib in Frameworks */,
				1812FC91196CFC6D0040D91C /* libopencv_flann.2.4.9.dylib in Frameworks */,
				1812FC92196CFC6D0040D91C /* libopencv_gpu.2.4.9.dylib in Frameworks */,
				1812FC98196CFC6D0040D91C /* libopencv_objdetect.2.4.9.dylib in Frameworks */,
				1812FC8D196CFC6D0040D91C /* libopencv_calib3d.2.4.9.dylib in Frameworks */,
				1812FC9C196CFC6D0040D91C /* libopencv_superres.2.4.9.dylib in Frameworks */,
				1812FC9B196CFC6D0040D91C /* libopencv_stitching.2.4.9.dylib in Frameworks */,
				1812FC8E196CFC6D0040D91C /* libopencv_contrib.2.4.9.dylib in Frameworks */,
				1812FC94196CFC6D0040D91C /* libopencv_imgproc.2.4.9.dylib in Frameworks */,
				1812FC93196CFC6D0040D91C /* libopencv_highgui.2.4.9.dylib in Frameworks */,
				1812FC8F196CFC6D0040D91C /* libopencv_core.2.4.9.dylib in Frameworks */,
				1812FC9D196CFC6D0040D91C /* libopencv_video.2.4.9.dylib in Frameworks */,
				1812FC96196CFC6D0040D91C /* libopencv_ml.2.4.9.dylib in Frameworks */,
				1812FC97196CFC6D0040D91C /* libopencv_nonfree.2.4.9.dylib in Frameworks */,
				1812FC95196CFC6D0040D91C /* libopencv_legacy.2.4.9.dylib in Frameworks */,
			);
			runOnlyForDeploymentPostprocessing = 0;
		};
/* End PBXFrameworksBuildPhase section */

/* Begin PBXGroup section */
		1812FBF5196CFA1B0040D91C = {
			isa = PBXGroup;
			children = (
				1812FCA7196D14C60040D91C /* libsndfile.1.dylib */,
				1812FC79196CFA690040D91C /* libopencv */,
				1812FC00196CFA1B0040D91C /* speechProcess */,
				1812FBFF196CFA1B0040D91C /* Products */,
			);
			sourceTree = "<group>";
		};
		1812FBFF196CFA1B0040D91C /* Products */ = {
			isa = PBXGroup;
			children = (
				1812FBFE196CFA1B0040D91C /* speechProcess */,
			);
			name = Products;
			sourceTree = "<group>";
		};
		1812FC00196CFA1B0040D91C /* speechProcess */ = {
			isa = PBXGroup;
			children = (
				1812FC01196CFA1B0040D91C /* main.cpp */,
				1812FC0A196CFA270040D91C /* main.h */,
				1812FC03196CFA1B0040D91C /* speechProcess.1 */,
			);
			path = speechProcess;
			sourceTree = "<group>";
		};
		1812FC79196CFA690040D91C /* libopencv */ = {
			isa = PBXGroup;
			children = (
				1812FC7A196CFC6D0040D91C /* libopencv_videostab.2.4.9.dylib */,
				1812FC7B196CFC6D0040D91C /* libopencv_calib3d.2.4.9.dylib */,
				1812FC7C196CFC6D0040D91C /* libopencv_contrib.2.4.9.dylib */,
				1812FC7D196CFC6D0040D91C /* libopencv_core.2.4.9.dylib */,
				1812FC7E196CFC6D0040D91C /* libopencv_features2d.2.4.9.dylib */,
				1812FC7F196CFC6D0040D91C /* libopencv_flann.2.4.9.dylib */,
				1812FC80196CFC6D0040D91C /* libopencv_gpu.2.4.9.dylib */,
				1812FC81196CFC6D0040D91C /* libopencv_highgui.2.4.9.dylib */,
				1812FC82196CFC6D0040D91C /* libopencv_imgproc.2.4.9.dylib */,
				1812FC83196CFC6D0040D91C /* libopencv_legacy.2.4.9.dylib */,
				1812FC84196CFC6D0040D91C /* libopencv_ml.2.4.9.dylib */,
				1812FC85196CFC6D0040D91C /* libopencv_nonfree.2.4.9.dylib */,
				1812FC86196CFC6D0040D91C /* libopencv_objdetect.2.4.9.dylib */,
				1812FC87196CFC6D0040D91C /* libopencv_ocl.2.4.9.dylib */,
				1812FC88196CFC6D0040D91C /* libopencv_photo.2.4.9.dylib */,
				1812FC89196CFC6D0040D91C /* libopencv_stitching.2.4.9.dylib */,
				1812FC8A196CFC6D0040D91C /* libopencv_superres.2.4.9.dylib */,
				1812FC8B196CFC6D0040D91C /* libopencv_video.2.4.9.dylib */,
			);
			name = libopencv;
			sourceTree = "<group>";
		};
/* End PBXGroup section */

/* Begin PBXNativeTarget section */
		1812FBFD196CFA1B0040D91C /* speechProcess */ = {
			isa = PBXNativeTarget;
			buildConfigurationList = 1812FC07196CFA1B0040D91C /* Build configuration list for PBXNativeTarget "speechProcess" */;
			buildPhases = (
				1812FBFA196CFA1B0040D91C /* Sources */,
				1812FBFB196CFA1B0040D91C /* Frameworks */,
				1812FBFC196CFA1B0040D91C /* CopyFiles */,
			);
			buildRules = (
			);
			dependencies = (
			);
			name = speechProcess;
			productName = speechProcess;
			productReference = 1812FBFE196CFA1B0040D91C /* speechProcess */;
			productType = "com.apple.product-type.tool";
		};
/* End PBXNativeTarget section */

/* Begin PBXProject section */
		1812FBF6196CFA1B0040D91C /* Project object */ = {
			isa = PBXProject;
			attributes = {
				LastUpgradeCheck = 0510;
			};
			buildConfigurationList = 1812FBF9196CFA1B0040D91C /* Build configuration list for PBXProject "speechProcess" */;
			compatibilityVersion = "Xcode 3.2";
			developmentRegion = English;
			hasScannedForEncodings = 0;
			knownRegions = (
				en,
			);
			mainGroup = 1812FBF5196CFA1B0040D91C;
			productRefGroup = 1812FBFF196CFA1B0040D91C /* Products */;
			projectDirPath = "";
			projectRoot = "";
			targets = (
				1812FBFD196CFA1B0040D91C /* speechProcess */,
			);
		};
/* End PBXProject section */

/* Begin PBXSourcesBuildPhase section */
		1812FBFA196CFA1B0040D91C /* Sources */ = {
			isa = PBXSourcesBuildPhase;
			buildActionMask = 2147483647;
			files = (
				1812FC02196CFA1B0040D91C /* main.cpp in Sources */,
			);
			runOnlyForDeploymentPostprocessing = 0;
		};
/* End PBXSourcesBuildPhase section */

/* Begin XCBuildConfiguration section */
		1812FC05196CFA1B0040D91C /* Debug */ = {
			isa = XCBuildConfiguration;
			buildSettings = {
				ALWAYS_SEARCH_USER_PATHS = NO;
				CLANG_CXX_LANGUAGE_STANDARD = "gnu++0x";
				CLANG_CXX_LIBRARY = "libc++";
				CLANG_ENABLE_MODULES = YES;
				CLANG_ENABLE_OBJC_ARC = YES;
				CLANG_WARN_BOOL_CONVERSION = YES;
				CLANG_WARN_CONSTANT_CONVERSION = YES;
				CLANG_WARN_DIRECT_OBJC_ISA_USAGE = YES_ERROR;
				CLANG_WARN_EMPTY_BODY = YES;
				CLANG_WARN_ENUM_CONVERSION = YES;
				CLANG_WARN_INT_CONVERSION = YES;
				CLANG_WARN_OBJC_ROOT_CLASS = YES_ERROR;
				CLANG_WARN__DUPLICATE_METHOD_MATCH = YES;
				COPY_PHASE_STRIP = NO;
				GCC_C_LANGUAGE_STANDARD = gnu99;
				GCC_DYNAMIC_NO_PIC = NO;
				GCC_ENABLE_OBJC_EXCEPTIONS = YES;
				GCC_OPTIMIZATION_LEVEL = 0;
				GCC_PREPROCESSOR_DEFINITIONS = (
					"DEBUG=1",
					"$(inherited)",
				);
				GCC_SYMBOLS_PRIVATE_EXTERN = NO;
				GCC_WARN_64_TO_32_BIT_CONVERSION = YES;
				GCC_WARN_ABOUT_RETURN_TYPE = YES_ERROR;
				GCC_WARN_UNDECLARED_SELECTOR = YES;
				GCC_WARN_UNINITIALIZED_AUTOS = YES_AGGRESSIVE;
				GCC_WARN_UNUSED_FUNCTION = YES;
				GCC_WARN_UNUSED_VARIABLE = YES;
				MACOSX_DEPLOYMENT_TARGET = 10.9;
				ONLY_ACTIVE_ARCH = YES;
				SDKROOT = macosx;
			};
			name = Debug;
		};
		1812FC06196CFA1B0040D91C /* Release */ = {
			isa = XCBuildConfiguration;
			buildSettings = {
				ALWAYS_SEARCH_USER_PATHS = NO;
				CLANG_CXX_LANGUAGE_STANDARD = "gnu++0x";
				CLANG_CXX_LIBRARY = "libc++";
				CLANG_ENABLE_MODULES = YES;
				CLANG_ENABLE_OBJC_ARC = YES;
				CLANG_WARN_BOOL_CONVERSION = YES;
				CLANG_WARN_CONSTANT_CONVERSION = YES;
				CLANG_WARN_DIRECT_OBJC_ISA_USAGE = YES_ERROR;
				CLANG_WARN_EMPTY_BODY = YES;
				CLANG_WARN_ENUM_CONVERSION = YES;
				CLANG_WARN_INT_CONVERSION = YES;
				CLANG_WARN_OBJC_ROOT_CLASS = YES_ERROR;
				CLANG_WARN__DUPLICATE_METHOD_MATCH = YES;
				COPY_PHASE_STRIP = YES;
				DEBUG_INFORMATION_FORMAT = "dwarf-with-dsym";
				ENABLE_NS_ASSERTIONS = NO;
				GCC_C_LANGUAGE_STANDARD = gnu99;
				GCC_ENABLE_OBJC_EXCEPTIONS = YES;
				GCC_WARN_64_TO_32_BIT_CONVERSION = YES;
				GCC_WARN_ABOUT_RETURN_TYPE = YES_ERROR;
				GCC_WARN_UNDECLARED_SELECTOR = YES;
				GCC_WARN_UNINITIALIZED_AUTOS = YES_AGGRESSIVE;
				GCC_WARN_UNUSED_FUNCTION = YES;
				GCC_WARN_UNUSED_VARIABLE = YES;
				MACOSX_DEPLOYMENT_TARGET = 10.9;
				SDKROOT = macosx;
			};
			name = Release;
		};
		1812FC08196CFA1B0040D91C /* Debug */ = {
			isa = XCBuildConfiguration;
			buildSettings = {
				ARCHS = "$(ARCHS_STANDARD)";
				CLANG_CXX_LIBRARY = "compiler-default";
				HEADER_SEARCH_PATHS = (
					"$(inherited)",
					/Applications/Xcode.app/Contents/Developer/Toolchains/XcodeDefault.xctoolchain/usr/include,
					/usr/local/include,
				);
				LD_NO_PIE = NO;
				LIBRARY_SEARCH_PATHS = (
					/usr/local/lib,
					/usr/local/Cellar/libsndfile/1.0.25/lib,
				);
				ONLY_ACTIVE_ARCH = YES;
				PRODUCT_NAME = "$(TARGET_NAME)";
				VALID_ARCHS = "x86_64 i386";
			};
			name = Debug;
		};
		1812FC09196CFA1B0040D91C /* Release */ = {
			isa = XCBuildConfiguration;
			buildSettings = {
				ARCHS = "$(ARCHS_STANDARD)";
				CLANG_CXX_LIBRARY = "compiler-default";
				HEADER_SEARCH_PATHS = (
					"$(inherited)",
					/Applications/Xcode.app/Contents/Developer/Toolchains/XcodeDefault.xctoolchain/usr/include,
					/usr/local/include,
				);
				LD_NO_PIE = NO;
				LIBRARY_SEARCH_PATHS = (
					/usr/local/lib,
					/usr/local/Cellar/libsndfile/1.0.25/lib,
				);
				ONLY_ACTIVE_ARCH = YES;
				PRODUCT_NAME = "$(TARGET_NAME)";
				VALID_ARCHS = "x86_64 i386";
			};
			name = Release;
		};
/* End XCBuildConfiguration section */

/* Begin XCConfigurationList section */
		1812FBF9196CFA1B0040D91C /* Build configuration list for PBXProject "speechProcess" */ = {
			isa = XCConfigurationList;
			buildConfigurations = (
				1812FC05196CFA1B0040D91C /* Debug */,
				1812FC06196CFA1B0040D91C /* Release */,
			);
			defaultConfigurationIsVisible = 0;
			defaultConfigurationName = Release;
		};
		1812FC07196CFA1B0040D91C /* Build configuration list for PBXNativeTarget "speechProcess" */ = {
			isa = XCConfigurationList;
			buildConfigurations = (
				1812FC08196CFA1B0040D91C /* Debug */,
				1812FC09196CFA1B0040D91C /* Release */,
			);
			defaultConfigurationIsVisible = 0;
		};
/* End XCConfigurationList section */
	};
	rootObject = 1812FBF6196CFA1B0040D91C /* Project object */;
}
